
Microsoft Visual Studio Solution File, Format Version 12.00
# Visual Studio Version 17
VisualStudioVersion = 17.14.36301.6 d17.14
MinimumVisualStudioVersion = 10.0.40219.1
Project("{FAE04EC0-301F-11D3-BF4B-00C04F79EFBC}") = "OptiPlanBackend", "OptiPlanBackend\OptiPlanBackend.csproj", "{AA08A876-0C29-42D8-887D-FDE95038B8FB}"
EndProject
Global
	GlobalSection(SolutionConfigurationPlatforms) = preSolution
		Debug|Any CPU = Debug|Any CPU
		Release|Any CPU = Release|Any CPU
	EndGlobalSection
	GlobalSection(ProjectConfigurationPlatforms) = postSolution
		{AA08A876-0C29-42D8-887D-FDE95038B8FB}.Debug|Any CPU.ActiveCfg = Debug|Any CPU
		{AA08A876-0C29-42D8-887D-FDE95038B8FB}.Debug|Any CPU.Build.0 = Debug|Any CPU
		{AA08A876-0C29-42D8-887D-FDE95038B8FB}.Release|Any CPU.ActiveCfg = Release|Any CPU
		{AA08A876-0C29-42D8-887D-FDE95038B8FB}.Release|Any CPU.Build.0 = Release|Any CPU
	EndGlobalSection
	GlobalSection(SolutionProperties) = preSolution
		HideSolutionNode = FALSE
	EndGlobalSection
	GlobalSection(ExtensibilityGlobals) = postSolution
		SolutionGuid = {0F9DACC3-69C4-4E0E-90C2-33B26DF99227}
	EndGlobalSection
EndGlobal
